{
  "name": "bettercallclaude",
  "version": "3.1.0",
  "lockfileVersion": 3,
  "requires": true,
  "packages": {
    "": {
      "name": "bettercallclaude",
      "version": "3.1.0",
      "license": "AGPL-3.0",
      "engines": {
        "node": ">=18.0.0"
      }
    },
    "packages/agents": {
      "extraneous": true
    }
  }
}
